
Microsoft Visual Studio Solution File, Format Version 12.00
# Visual Studio 15
VisualStudioVersion = 15.0.28307.1062
MinimumVisualStudioVersion = 10.0.40219.1
Project("{8BC9CEB8-8B4A-11D0-8D11-00A0C91BC942}") = "Calendar", "Calendar\Calendar.vcxproj", "{6E341768-E23B-43EC-80DF-73616E91AE5C}"
EndProject
Global
	GlobalSection(SolutionConfigurationPlatforms) = preSolution
		Debug|x64 = Debug|x64
		Debug|x86 = Debug|x86
		Release|x64 = Release|x64
		Release|x86 = Release|x86
	EndGlobalSection
	GlobalSection(ProjectConfigurationPlatforms) = postSolution
		{6E341768-E23B-43EC-80DF-73616E91AE5C}.Debug|x64.ActiveCfg = Debug|x64
		{6E341768-E23B-43EC-80DF-73616E91AE5C}.Debug|x64.Build.0 = Debug|x64
		{6E341768-E23B-43EC-80DF-73616E91AE5C}.Debug|x86.ActiveCfg = Debug|Win32
		{6E341768-E23B-43EC-80DF-73616E91AE5C}.Debug|x86.Build.0 = Debug|Win32
		{6E341768-E23B-43EC-80DF-73616E91AE5C}.Release|x64.ActiveCfg = Release|x64
		{6E341768-E23B-43EC-80DF-73616E91AE5C}.Release|x64.Build.0 = Release|x64
		{6E341768-E23B-43EC-80DF-73616E91AE5C}.Release|x86.ActiveCfg = Release|Win32
		{6E341768-E23B-43EC-80DF-73616E91AE5C}.Release|x86.Build.0 = Release|Win32
	EndGlobalSection
	GlobalSection(SolutionProperties) = preSolution
		HideSolutionNode = FALSE
	EndGlobalSection
	GlobalSection(ExtensibilityGlobals) = postSolution
		SolutionGuid = {272BA65E-B809-4F5D-8BBE-1A9B0DD9B921}
	EndGlobalSection
EndGlobal
